// !$*UTF8*$!
{
	archiveVersion = 1;
	classes = {
	};
	objectVersion = 46;
	objects = {

/* Begin PBXBuildFile section */
		208E32E1108EB9E4EE429657 /* Pods_SocialMedia.framework in Frameworks */ = {isa = PBXBuildFile; fileRef = CB60090BC05C15678C173712 /* Pods_SocialMedia.framework */; };
		7B4675E51DDFC54E00E17C09 /* GoogleService-Info.plist in Resources */ = {isa = PBXBuildFile; fileRef = 7B4675E41DDFC54E00E17C09 /* GoogleService-Info.plist */; };
		7B4675E91DDFC7B200E17C09 /* SignInViewController.swift in Sources */ = {isa = PBXBuildFile; fileRef = 7B4675E81DDFC7B200E17C09 /* SignInViewController.swift */; };
		7BAB23B21DDFC272001EB917 /* AppDelegate.swift in Sources */ = {isa = PBXBuildFile; fileRef = 7BAB23B11DDFC272001EB917 /* AppDelegate.swift */; };
		7BAB23B71DDFC272001EB917 /* Main.storyboard in Resources */ = {isa = PBXBuildFile; fileRef = 7BAB23B51DDFC272001EB917 /* Main.storyboard */; };
		7BAB23B91DDFC272001EB917 /* Assets.xcassets in Resources */ = {isa = PBXBuildFile; fileRef = 7BAB23B81DDFC272001EB917 /* Assets.xcassets */; };
		7BAB23BC1DDFC272001EB917 /* LaunchScreen.storyboard in Resources */ = {isa = PBXBuildFile; fileRef = 7BAB23BA1DDFC272001EB917 /* LaunchScreen.storyboard */; };
/* End PBXBuildFile section */

/* Begin PBXFileReference section */
		7B4675E41DDFC54E00E17C09 /* GoogleService-Info.plist */ = {isa = PBXFileReference; fileEncoding = 4; lastKnownFileType = text.plist.xml; path = "GoogleService-Info.plist"; sourceTree = "<group>"; };
		7B4675E81DDFC7B200E17C09 /* SignInViewController.swift */ = {isa = PBXFileReference; fileEncoding = 4; lastKnownFileType = sourcecode.swift; path = SignInViewController.swift; sourceTree = "<group>"; };
		7BAB23AE1DDFC272001EB917 /* SocialMedia.app */ = {isa = PBXFileReference; explicitFileType = wrapper.application; includeInIndex = 0; path = SocialMedia.app; sourceTree = BUILT_PRODUCTS_DIR; };
		7BAB23B11DDFC272001EB917 /* AppDelegate.swift */ = {isa = PBXFileReference; lastKnownFileType = sourcecode.swift; path = AppDelegate.swift; sourceTree = "<group>"; };
		7BAB23B61DDFC272001EB917 /* Base */ = {isa = PBXFileReference; lastKnownFileType = file.storyboard; name = Base; path = Base.lproj/Main.storyboard; sourceTree = "<group>"; };
		7BAB23B81DDFC272001EB917 /* Assets.xcassets */ = {isa = PBXFileReference; lastKnownFileType = folder.assetcatalog; path = Assets.xcassets; sourceTree = "<group>"; };
		7BAB23BB1DDFC272001EB917 /* Base */ = {isa = PBXFileReference; lastKnownFileType = file.storyboard; name = Base; path = Base.lproj/LaunchScreen.storyboard; sourceTree = "<group>"; };
		7BAB23BD1DDFC272001EB917 /* Info.plist */ = {isa = PBXFileReference; lastKnownFileType = text.plist.xml; path = Info.plist; sourceTree = "<group>"; };
		860635236DD340C6D5167EA1 /* Pods-SocialMedia.release.xcconfig */ = {isa = PBXFileReference; includeInIndex = 1; lastKnownFileType = text.xcconfig; name = "Pods-SocialMedia.release.xcconfig"; path = "Pods/Target Support Files/Pods-SocialMedia/Pods-SocialMedia.release.xcconfig"; sourceTree = "<group>"; };
		CB60090BC05C15678C173712 /* Pods_SocialMedia.framework */ = {isa = PBXFileReference; explicitFileType = wrapper.framework; includeInIndex = 0; path = Pods_SocialMedia.framework; sourceTree = BUILT_PRODUCTS_DIR; };
		DD32A1F25540CFD81A2BCE12 /* Pods-SocialMedia.debug.xcconfig */ = {isa = PBXFileReference; includeInIndex = 1; lastKnownFileType = text.xcconfig; name = "Pods-SocialMedia.debug.xcconfig"; path = "Pods/Target Support Files/Pods-SocialMedia/Pods-SocialMedia.debug.xcconfig"; sourceTree = "<group>"; };
/* End PBXFileReference section */

/* Begin PBXFrameworksBuildPhase section */
		7BAB23AB1DDFC272001EB917 /* Frameworks */ = {
			isa = PBXFrameworksBuildPhase;
			buildActionMask = 2147483647;
			files = (
				208E32E1108EB9E4EE429657 /* Pods_SocialMedia.framework in Frameworks */,
			);
			runOnlyForDeploymentPostprocessing = 0;
		};
/* End PBXFrameworksBuildPhase section */

/* Begin PBXGroup section */
		7B4675E01DDFC4A300E17C09 /* Controller */ = {
			isa = PBXGroup;
			children = (
				7B4675E81DDFC7B200E17C09 /* SignInViewController.swift */,
			);
			name = Controller;
			sourceTree = "<group>";
		};
		7B4675E11DDFC4AB00E17C09 /* View */ = {
			isa = PBXGroup;
			children = (
			);
			name = View;
			sourceTree = "<group>";
		};
		7B4675E21DDFC4B100E17C09 /* Model */ = {
			isa = PBXGroup;
			children = (
			);
			name = Model;
			sourceTree = "<group>";
		};
		7B4675E31DDFC4CC00E17C09 /* Utilities */ = {
			isa = PBXGroup;
			children = (
				7B4675E41DDFC54E00E17C09 /* GoogleService-Info.plist */,
				7BAB23B11DDFC272001EB917 /* AppDelegate.swift */,
				7BAB23B81DDFC272001EB917 /* Assets.xcassets */,
				7BAB23BD1DDFC272001EB917 /* Info.plist */,
			);
			name = Utilities;
			sourceTree = "<group>";
		};
		7BAB23A51DDFC272001EB917 = {
			isa = PBXGroup;
			children = (
				7BAB23B01DDFC272001EB917 /* SocialMedia */,
				7BAB23AF1DDFC272001EB917 /* Products */,
				EAA5885BF8A4412747FA1CB6 /* Pods */,
				92F81ABE4315BBF6027967BA /* Frameworks */,
			);
			sourceTree = "<group>";
		};
		7BAB23AF1DDFC272001EB917 /* Products */ = {
			isa = PBXGroup;
			children = (
				7BAB23AE1DDFC272001EB917 /* SocialMedia.app */,
			);
			name = Products;
			sourceTree = "<group>";
		};
		7BAB23B01DDFC272001EB917 /* SocialMedia */ = {
			isa = PBXGroup;
			children = (
				7B4675E21DDFC4B100E17C09 /* Model */,
				7B4675E11DDFC4AB00E17C09 /* View */,
				7B4675E01DDFC4A300E17C09 /* Controller */,
				7B4675E31DDFC4CC00E17C09 /* Utilities */,
				7BAB23B51DDFC272001EB917 /* Main.storyboard */,
				7BAB23BA1DDFC272001EB917 /* LaunchScreen.storyboard */,
			);
			path = SocialMedia;
			sourceTree = "<group>";
		};
		92F81ABE4315BBF6027967BA /* Frameworks */ = {
			isa = PBXGroup;
			children = (
				CB60090BC05C15678C173712 /* Pods_SocialMedia.framework */,
			);
			name = Frameworks;
			sourceTree = "<group>";
		};
		EAA5885BF8A4412747FA1CB6 /* Pods */ = {
			isa = PBXGroup;
			children = (
				DD32A1F25540CFD81A2BCE12 /* Pods-SocialMedia.debug.xcconfig */,
				860635236DD340C6D5167EA1 /* Pods-SocialMedia.release.xcconfig */,
			);
			name = Pods;
			sourceTree = "<group>";
		};
/* End PBXGroup section */

/* Begin PBXNativeTarget section */
		7BAB23AD1DDFC272001EB917 /* SocialMedia */ = {
			isa = PBXNativeTarget;
			buildConfigurationList = 7BAB23C01DDFC272001EB917 /* Build configuration list for PBXNativeTarget "SocialMedia" */;
			buildPhases = (
				2DB1581DE9AE980E555F43B6 /* [CP] Check Pods Manifest.lock */,
				7BAB23AA1DDFC272001EB917 /* Sources */,
				7BAB23AB1DDFC272001EB917 /* Frameworks */,
				7BAB23AC1DDFC272001EB917 /* Resources */,
				A35F7A737DB3B335BD66F653 /* [CP] Embed Pods Frameworks */,
				13AB32C8719F66760594447A /* [CP] Copy Pods Resources */,
			);
			buildRules = (
			);
			dependencies = (
			);
			name = SocialMedia;
			productName = SocialMedia;
			productReference = 7BAB23AE1DDFC272001EB917 /* SocialMedia.app */;
			productType = "com.apple.product-type.application";
		};
/* End PBXNativeTarget section */

/* Begin PBXProject section */
		7BAB23A61DDFC272001EB917 /* Project object */ = {
			isa = PBXProject;
			attributes = {
				LastSwiftUpdateCheck = 0810;
				LastUpgradeCheck = 0810;
				ORGANIZATIONNAME = "Steven Yang";
				TargetAttributes = {
					7BAB23AD1DDFC272001EB917 = {
						CreatedOnToolsVersion = 8.1;
						DevelopmentTeam = TP9E7CXU62;
						ProvisioningStyle = Automatic;
					};
				};
			};
			buildConfigurationList = 7BAB23A91DDFC272001EB917 /* Build configuration list for PBXProject "SocialMedia" */;
			compatibilityVersion = "Xcode 3.2";
			developmentRegion = English;
			hasScannedForEncodings = 0;
			knownRegions = (
				en,
				Base,
			);
			mainGroup = 7BAB23A51DDFC272001EB917;
			productRefGroup = 7BAB23AF1DDFC272001EB917 /* Products */;
			projectDirPath = "";
			projectRoot = "";
			targets = (
				7BAB23AD1DDFC272001EB917 /* SocialMedia */,
			);
		};
/* End PBXProject section */

/* Begin PBXResourcesBuildPhase section */
		7BAB23AC1DDFC272001EB917 /* Resources */ = {
			isa = PBXResourcesBuildPhase;
			buildActionMask = 2147483647;
			files = (
				7BAB23BC1DDFC272001EB917 /* LaunchScreen.storyboard in Resources */,
				7B4675E51DDFC54E00E17C09 /* GoogleService-Info.plist in Resources */,
				7BAB23B91DDFC272001EB917 /* Assets.xcassets in Resources */,
				7BAB23B71DDFC272001EB917 /* Main.storyboard in Resources */,
			);
			runOnlyForDeploymentPostprocessing = 0;
		};
/* End PBXResourcesBuildPhase section */

/* Begin PBXShellScriptBuildPhase section */
		13AB32C8719F66760594447A /* [CP] Copy Pods Resources */ = {
			isa = PBXShellScriptBuildPhase;
			buildActionMask = 2147483647;
			files = (
			);
			inputPaths = (
			);
			name = "[CP] Copy Pods Resources";
			outputPaths = (
			);
			runOnlyForDeploymentPostprocessing = 0;
			shellPath = /bin/sh;
			shellScript = "\"${SRCROOT}/Pods/Target Support Files/Pods-SocialMedia/Pods-SocialMedia-resources.sh\"\n";
			showEnvVarsInLog = 0;
		};
		2DB1581DE9AE980E555F43B6 /* [CP] Check Pods Manifest.lock */ = {
			isa = PBXShellScriptBuildPhase;
			buildActionMask = 2147483647;
			files = (
			);
			inputPaths = (
			);
			name = "[CP] Check Pods Manifest.lock";
			outputPaths = (
			);
			runOnlyForDeploymentPostprocessing = 0;
			shellPath = /bin/sh;
			shellScript = "diff \"${PODS_ROOT}/../Podfile.lock\" \"${PODS_ROOT}/Manifest.lock\" > /dev/null\nif [ $? != 0 ] ; then\n    # print error to STDERR\n    echo \"error: The sandbox is not in sync with the Podfile.lock. Run 'pod install' or update your CocoaPods installation.\" >&2\n    exit 1\nfi\n";
			showEnvVarsInLog = 0;
		};
		A35F7A737DB3B335BD66F653 /* [CP] Embed Pods Frameworks */ = {
			isa = PBXShellScriptBuildPhase;
			buildActionMask = 2147483647;
			files = (
			);
			inputPaths = (
			);
			name = "[CP] Embed Pods Frameworks";
			outputPaths = (
			);
			runOnlyForDeploymentPostprocessing = 0;
			shellPath = /bin/sh;
			shellScript = "\"${SRCROOT}/Pods/Target Support Files/Pods-SocialMedia/Pods-SocialMedia-frameworks.sh\"\n";
			showEnvVarsInLog = 0;
		};
/* End PBXShellScriptBuildPhase section */

/* Begin PBXSourcesBuildPhase section */
		7BAB23AA1DDFC272001EB917 /* Sources */ = {
			isa = PBXSourcesBuildPhase;
			buildActionMask = 2147483647;
			files = (
				7B4675E91DDFC7B200E17C09 /* SignInViewController.swift in Sources */,
				7BAB23B21DDFC272001EB917 /* AppDelegate.swift in Sources */,
			);
			runOnlyForDeploymentPostprocessing = 0;
		};
/* End PBXSourcesBuildPhase section */

/* Begin PBXVariantGroup section */
		7BAB23B51DDFC272001EB917 /* Main.storyboard */ = {
			isa = PBXVariantGroup;
			children = (
				7BAB23B61DDFC272001EB917 /* Base */,
			);
			name = Main.storyboard;
			sourceTree = "<group>";
		};
		7BAB23BA1DDFC272001EB917 /* LaunchScreen.storyboard */ = {
			isa = PBXVariantGroup;
			children = (
				7BAB23BB1DDFC272001EB917 /* Base */,
			);
			name = LaunchScreen.storyboard;
			sourceTree = "<group>";
		};
/* End PBXVariantGroup section */

/* Begin XCBuildConfiguration section */
		7BAB23BE1DDFC272001EB917 /* Debug */ = {
			isa = XCBuildConfiguration;
			buildSettings = {
				ALWAYS_SEARCH_USER_PATHS = NO;
				CLANG_ANALYZER_NONNULL = YES;
				CLANG_CXX_LANGUAGE_STANDARD = "gnu++0x";
				CLANG_CXX_LIBRARY = "libc++";
				CLANG_ENABLE_MODULES = YES;
				CLANG_ENABLE_OBJC_ARC = YES;
				CLANG_WARN_BOOL_CONVERSION = YES;
				CLANG_WARN_CONSTANT_CONVERSION = YES;
				CLANG_WARN_DIRECT_OBJC_ISA_USAGE = YES_ERROR;
				CLANG_WARN_DOCUMENTATION_COMMENTS = YES;
				CLANG_WARN_EMPTY_BODY = YES;
				CLANG_WARN_ENUM_CONVERSION = YES;
				CLANG_WARN_INFINITE_RECURSION = YES;
				CLANG_WARN_INT_CONVERSION = YES;
				CLANG_WARN_OBJC_ROOT_CLASS = YES_ERROR;
				CLANG_WARN_SUSPICIOUS_MOVE = YES;
				CLANG_WARN_SUSPICIOUS_MOVES = YES;
				CLANG_WARN_UNREACHABLE_CODE = YES;
				CLANG_WARN__DUPLICATE_METHOD_MATCH = YES;
				"CODE_SIGN_IDENTITY[sdk=iphoneos*]" = "iPhone Developer";
				COPY_PHASE_STRIP = NO;
				DEBUG_INFORMATION_FORMAT = dwarf;
				ENABLE_STRICT_OBJC_MSGSEND = YES;
				ENABLE_TESTABILITY = YES;
				GCC_C_LANGUAGE_STANDARD = gnu99;
				GCC_DYNAMIC_NO_PIC = NO;
				GCC_NO_COMMON_BLOCKS = YES;
				GCC_OPTIMIZATION_LEVEL = 0;
				GCC_PREPROCESSOR_DEFINITIONS = (
					"DEBUG=1",
					"$(inherited)",
				);
				GCC_WARN_64_TO_32_BIT_CONVERSION = YES;
				GCC_WARN_ABOUT_RETURN_TYPE = YES_ERROR;
				GCC_WARN_UNDECLARED_SELECTOR = YES;
				GCC_WARN_UNINITIALIZED_AUTOS = YES_AGGRESSIVE;
				GCC_WARN_UNUSED_FUNCTION = YES;
				GCC_WARN_UNUSED_VARIABLE = YES;
				IPHONEOS_DEPLOYMENT_TARGET = 9.0;
				MTL_ENABLE_DEBUG_INFO = YES;
				ONLY_ACTIVE_ARCH = YES;
				SDKROOT = iphoneos;
				SWIFT_ACTIVE_COMPILATION_CONDITIONS = DEBUG;
				SWIFT_OPTIMIZATION_LEVEL = "-Onone";
				TARGETED_DEVICE_FAMILY = "1,2";
			};
			name = Debug;
		};
		7BAB23BF1DDFC272001EB917 /* Release */ = {
			isa = XCBuildConfiguration;
			buildSettings = {
				ALWAYS_SEARCH_USER_PATHS = NO;
				CLANG_ANALYZER_NONNULL = YES;
				CLANG_CXX_LANGUAGE_STANDARD = "gnu++0x";
				CLANG_CXX_LIBRARY = "libc++";
				CLANG_ENABLE_MODULES = YES;
				CLANG_ENABLE_OBJC_ARC = YES;
				CLANG_WARN_BOOL_CONVERSION = YES;
				CLANG_WARN_CONSTANT_CONVERSION = YES;
				CLANG_WARN_DIRECT_OBJC_ISA_USAGE = YES_ERROR;
				CLANG_WARN_DOCUMENTATION_COMMENTS = YES;
				CLANG_WARN_EMPTY_BODY = YES;
				CLANG_WARN_ENUM_CONVERSION = YES;
				CLANG_WARN_INFINITE_RECURSION = YES;
				CLANG_WARN_INT_CONVERSION = YES;
				CLANG_WARN_OBJC_ROOT_CLASS = YES_ERROR;
				CLANG_WARN_SUSPICIOUS_MOVE = YES;
				CLANG_WARN_SUSPICIOUS_MOVES = YES;
				CLANG_WARN_UNREACHABLE_CODE = YES;
				CLANG_WARN__DUPLICATE_METHOD_MATCH = YES;
				"CODE_SIGN_IDENTITY[sdk=iphoneos*]" = "iPhone Developer";
				COPY_PHASE_STRIP = NO;
				DEBUG_INFORMATION_FORMAT = "dwarf-with-dsym";
				ENABLE_NS_ASSERTIONS = NO;
				ENABLE_STRICT_OBJC_MSGSEND = YES;
				GCC_C_LANGUAGE_STANDARD = gnu99;
				GCC_NO_COMMON_BLOCKS = YES;
				GCC_WARN_64_TO_32_BIT_CONVERSION = YES;
				GCC_WARN_ABOUT_RETURN_TYPE = YES_ERROR;
				GCC_WARN_UNDECLARED_SELECTOR = YES;
				GCC_WARN_UNINITIALIZED_AUTOS = YES_AGGRESSIVE;
				GCC_WARN_UNUSED_FUNCTION = YES;
				GCC_WARN_UNUSED_VARIABLE = YES;
				IPHONEOS_DEPLOYMENT_TARGET = 9.0;
				MTL_ENABLE_DEBUG_INFO = NO;
				SDKROOT = iphoneos;
				SWIFT_OPTIMIZATION_LEVEL = "-Owholemodule";
				TARGETED_DEVICE_FAMILY = "1,2";
				VALIDATE_PRODUCT = YES;
			};
			name = Release;
		};
		7BAB23C11DDFC272001EB917 /* Debug */ = {
			isa = XCBuildConfiguration;
			baseConfigurationReference = DD32A1F25540CFD81A2BCE12 /* Pods-SocialMedia.debug.xcconfig */;
			buildSettings = {
				ALWAYS_EMBED_SWIFT_STANDARD_LIBRARIES = YES;
				ASSETCATALOG_COMPILER_APPICON_NAME = AppIcon;
				DEVELOPMENT_TEAM = TP9E7CXU62;
				INFOPLIST_FILE = SocialMedia/Info.plist;
				LD_RUNPATH_SEARCH_PATHS = "$(inherited) @executable_path/Frameworks";
				PRODUCT_BUNDLE_IDENTIFIER = com.yato.socialmedia;
				PRODUCT_NAME = "$(TARGET_NAME)";
				SWIFT_VERSION = 3.0;
			};
			name = Debug;
		};
		7BAB23C21DDFC272001EB917 /* Release */ = {
			isa = XCBuildConfiguration;
			baseConfigurationReference = 860635236DD340C6D5167EA1 /* Pods-SocialMedia.release.xcconfig */;
			buildSettings = {
				ALWAYS_EMBED_SWIFT_STANDARD_LIBRARIES = YES;
				ASSETCATALOG_COMPILER_APPICON_NAME = AppIcon;
				DEVELOPMENT_TEAM = TP9E7CXU62;
				INFOPLIST_FILE = SocialMedia/Info.plist;
				LD_RUNPATH_SEARCH_PATHS = "$(inherited) @executable_path/Frameworks";
				PRODUCT_BUNDLE_IDENTIFIER = com.yato.socialmedia;
				PRODUCT_NAME = "$(TARGET_NAME)";
				SWIFT_VERSION = 3.0;
			};
			name = Release;
		};
/* End XCBuildConfiguration section */

/* Begin XCConfigurationList section */
		7BAB23A91DDFC272001EB917 /* Build configuration list for PBXProject "SocialMedia" */ = {
			isa = XCConfigurationList;
			buildConfigurations = (
				7BAB23BE1DDFC272001EB917 /* Debug */,
				7BAB23BF1DDFC272001EB917 /* Release */,
			);
			defaultConfigurationIsVisible = 0;
			defaultConfigurationName = Release;
		};
		7BAB23C01DDFC272001EB917 /* Build configuration list for PBXNativeTarget "SocialMedia" */ = {
			isa = XCConfigurationList;
			buildConfigurations = (
				7BAB23C11DDFC272001EB917 /* Debug */,
				7BAB23C21DDFC272001EB917 /* Release */,
			);
			defaultConfigurationIsVisible = 0;
			defaultConfigurationName = Release;
		};
/* End XCConfigurationList section */
	};
	rootObject = 7BAB23A61DDFC272001EB917 /* Project object */;
}
